
Microsoft Visual Studio Solution File, Format Version 12.00
# Visual Studio 2013
VisualStudioVersion = 12.0.31101.0
MinimumVisualStudioVersion = 10.0.40219.1
Project("{FAE04EC0-301F-11D3-BF4B-00C04F79EFBC}") = "XGhms.Web", "XGhms.Web\XGhms.Web.csproj", "{8CEFBDD0-5F4D-4F91-A363-50DB023C2224}"
EndProject
Project("{FAE04EC0-301F-11D3-BF4B-00C04F79EFBC}") = "XGhms.Helper", "XGhms.Helper\XGhms.Helper.csproj", "{F87F7C30-1C6C-4822-843B-FC2B34A2BDDC}"
EndProject
Project("{FAE04EC0-301F-11D3-BF4B-00C04F79EFBC}") = "XGhms.Model", "XGhms.Model\XGhms.Model.csproj", "{051BE6CF-7EA2-4615-BD96-CB202F58F77B}"
EndProject
Project("{FAE04EC0-301F-11D3-BF4B-00C04F79EFBC}") = "XGhms.DAL", "XGhms.DAL\XGhms.DAL.csproj", "{D25B7D62-AD8F-4E85-B638-772F7B089095}"
EndProject
Project("{FAE04EC0-301F-11D3-BF4B-00C04F79EFBC}") = "XGhms.BLL", "XGhms.BLL\XGhms.BLL.csproj", "{B432EF82-9C14-4989-9D4D-6B0AB8316A44}"
EndProject
Project("{FAE04EC0-301F-11D3-BF4B-00C04F79EFBC}") = "XGhms.Web.Services", "XGhms.Web.Services\XGhms.Web.Services.csproj", "{52873551-59BE-4089-9C5F-E2D08D2BC7E2}"
EndProject
Global
	GlobalSection(SolutionConfigurationPlatforms) = preSolution
		Debug|Any CPU = Debug|Any CPU
		Release|Any CPU = Release|Any CPU
	EndGlobalSection
	GlobalSection(ProjectConfigurationPlatforms) = postSolution
		{8CEFBDD0-5F4D-4F91-A363-50DB023C2224}.Debug|Any CPU.ActiveCfg = Debug|Any CPU
		{8CEFBDD0-5F4D-4F91-A363-50DB023C2224}.Debug|Any CPU.Build.0 = Debug|Any CPU
		{8CEFBDD0-5F4D-4F91-A363-50DB023C2224}.Release|Any CPU.ActiveCfg = Release|Any CPU
		{8CEFBDD0-5F4D-4F91-A363-50DB023C2224}.Release|Any CPU.Build.0 = Release|Any CPU
		{F87F7C30-1C6C-4822-843B-FC2B34A2BDDC}.Debug|Any CPU.ActiveCfg = Debug|Any CPU
		{F87F7C30-1C6C-4822-843B-FC2B34A2BDDC}.Debug|Any CPU.Build.0 = Debug|Any CPU
		{F87F7C30-1C6C-4822-843B-FC2B34A2BDDC}.Release|Any CPU.ActiveCfg = Release|Any CPU
		{F87F7C30-1C6C-4822-843B-FC2B34A2BDDC}.Release|Any CPU.Build.0 = Release|Any CPU
		{051BE6CF-7EA2-4615-BD96-CB202F58F77B}.Debug|Any CPU.ActiveCfg = Debug|Any CPU
		{051BE6CF-7EA2-4615-BD96-CB202F58F77B}.Debug|Any CPU.Build.0 = Debug|Any CPU
		{051BE6CF-7EA2-4615-BD96-CB202F58F77B}.Release|Any CPU.ActiveCfg = Release|Any CPU
		{051BE6CF-7EA2-4615-BD96-CB202F58F77B}.Release|Any CPU.Build.0 = Release|Any CPU
		{D25B7D62-AD8F-4E85-B638-772F7B089095}.Debug|Any CPU.ActiveCfg = Debug|Any CPU
		{D25B7D62-AD8F-4E85-B638-772F7B089095}.Debug|Any CPU.Build.0 = Debug|Any CPU
		{D25B7D62-AD8F-4E85-B638-772F7B089095}.Release|Any CPU.ActiveCfg = Release|Any CPU
		{D25B7D62-AD8F-4E85-B638-772F7B089095}.Release|Any CPU.Build.0 = Release|Any CPU
		{B432EF82-9C14-4989-9D4D-6B0AB8316A44}.Debug|Any CPU.ActiveCfg = Debug|Any CPU
		{B432EF82-9C14-4989-9D4D-6B0AB8316A44}.Debug|Any CPU.Build.0 = Debug|Any CPU
		{B432EF82-9C14-4989-9D4D-6B0AB8316A44}.Release|Any CPU.ActiveCfg = Release|Any CPU
		{B432EF82-9C14-4989-9D4D-6B0AB8316A44}.Release|Any CPU.Build.0 = Release|Any CPU
		{52873551-59BE-4089-9C5F-E2D08D2BC7E2}.Debug|Any CPU.ActiveCfg = Debug|Any CPU
		{52873551-59BE-4089-9C5F-E2D08D2BC7E2}.Debug|Any CPU.Build.0 = Debug|Any CPU
		{52873551-59BE-4089-9C5F-E2D08D2BC7E2}.Release|Any CPU.ActiveCfg = Release|Any CPU
		{52873551-59BE-4089-9C5F-E2D08D2BC7E2}.Release|Any CPU.Build.0 = Release|Any CPU
	EndGlobalSection
	GlobalSection(SolutionProperties) = preSolution
		HideSolutionNode = FALSE
	EndGlobalSection
EndGlobal
